// !$*UTF8*$!
{
	archiveVersion = 1;
	classes = {
	};
	objectVersion = 48;
	objects = {

/* Begin PBXBuildFile section */
		2E2D602A20088D68002A3BC7 /* Flag.m in Sources */ = {isa = PBXBuildFile; fileRef = 2E2D602920088D68002A3BC7 /* Flag.m */; };
		2E2D602C20088D8C002A3BC7 /* flags.plist in Resources */ = {isa = PBXBuildFile; fileRef = 2E2D602B20088D8C002A3BC7 /* flags.plist */; };
		2E2F22502007497000DE254F /* RedView.m in Sources */ = {isa = PBXBuildFile; fileRef = 2E2F224F2007497000DE254F /* RedView.m */; };
		2EDA092420049AE20066EED3 /* AppDelegate.m in Sources */ = {isa = PBXBuildFile; fileRef = 2EDA092320049AE20066EED3 /* AppDelegate.m */; };
		2EDA092720049AE20066EED3 /* ViewController.m in Sources */ = {isa = PBXBuildFile; fileRef = 2EDA092620049AE20066EED3 /* ViewController.m */; };
		2EDA092A20049AE20066EED3 /* Main.storyboard in Resources */ = {isa = PBXBuildFile; fileRef = 2EDA092820049AE20066EED3 /* Main.storyboard */; };
		2EDA092C20049AE20066EED3 /* Assets.xcassets in Resources */ = {isa = PBXBuildFile; fileRef = 2EDA092B20049AE20066EED3 /* Assets.xcassets */; };
		2EDA092F20049AE20066EED3 /* LaunchScreen.storyboard in Resources */ = {isa = PBXBuildFile; fileRef = 2EDA092D20049AE20066EED3 /* LaunchScreen.storyboard */; };
		2EDA093220049AE20066EED3 /* main.m in Sources */ = {isa = PBXBuildFile; fileRef = 2EDA093120049AE20066EED3 /* main.m */; };
		2EDA093C20049AE20066EED3 /* ReactiveCocoaTests.m in Sources */ = {isa = PBXBuildFile; fileRef = 2EDA093B20049AE20066EED3 /* ReactiveCocoaTests.m */; };
		2EDA094720049AE20066EED3 /* ReactiveCocoaUITests.m in Sources */ = {isa = PBXBuildFile; fileRef = 2EDA094620049AE20066EED3 /* ReactiveCocoaUITests.m */; };
		2EFBC9572011951F00DC4B30 /* SecViewController.m in Sources */ = {isa = PBXBuildFile; fileRef = 2EFBC9562011951F00DC4B30 /* SecViewController.m */; };
		2EFBC95A2011C73500DC4B30 /* AdvancedUseOfRAC.m in Sources */ = {isa = PBXBuildFile; fileRef = 2EFBC9592011C73500DC4B30 /* AdvancedUseOfRAC.m */; };
		77B4E0D0197D5FE582B09B1E /* Pods_ReactiveCocoa.framework in Frameworks */ = {isa = PBXBuildFile; fileRef = 518AD383E91D7E229D65F509 /* Pods_ReactiveCocoa.framework */; };
/* End PBXBuildFile section */

/* Begin PBXContainerItemProxy section */
		2EDA093820049AE20066EED3 /* PBXContainerItemProxy */ = {
			isa = PBXContainerItemProxy;
			containerPortal = 2EDA091720049AE20066EED3 /* Project object */;
			proxyType = 1;
			remoteGlobalIDString = 2EDA091E20049AE20066EED3;
			remoteInfo = ReactiveCocoa;
		};
		2EDA094320049AE20066EED3 /* PBXContainerItemProxy */ = {
			isa = PBXContainerItemProxy;
			containerPortal = 2EDA091720049AE20066EED3 /* Project object */;
			proxyType = 1;
			remoteGlobalIDString = 2EDA091E20049AE20066EED3;
			remoteInfo = ReactiveCocoa;
		};
/* End PBXContainerItemProxy section */

/* Begin PBXFileReference section */
		2E2D602820088D68002A3BC7 /* Flag.h */ = {isa = PBXFileReference; fileEncoding = 4; lastKnownFileType = sourcecode.c.h; path = Flag.h; sourceTree = "<group>"; };
		2E2D602920088D68002A3BC7 /* Flag.m */ = {isa = PBXFileReference; fileEncoding = 4; lastKnownFileType = sourcecode.c.objc; path = Flag.m; sourceTree = "<group>"; };
		2E2D602B20088D8C002A3BC7 /* flags.plist */ = {isa = PBXFileReference; fileEncoding = 4; lastKnownFileType = text.plist.xml; path = flags.plist; sourceTree = "<group>"; };
		2E2F224E2007497000DE254F /* RedView.h */ = {isa = PBXFileReference; fileEncoding = 4; lastKnownFileType = sourcecode.c.h; path = RedView.h; sourceTree = "<group>"; };
		2E2F224F2007497000DE254F /* RedView.m */ = {isa = PBXFileReference; fileEncoding = 4; lastKnownFileType = sourcecode.c.objc; path = RedView.m; sourceTree = "<group>"; };
		2E533D14200605EA00B09851 /* ReactiveCocoa.framework */ = {isa = PBXFileReference; explicitFileType = wrapper.framework; path = ReactiveCocoa.framework; sourceTree = BUILT_PRODUCTS_DIR; };
		2E533D15200605EA00B09851 /* ReactiveSwift.framework */ = {isa = PBXFileReference; explicitFileType = wrapper.framework; path = ReactiveSwift.framework; sourceTree = BUILT_PRODUCTS_DIR; };
		2E533D16200605EA00B09851 /* Result.framework */ = {isa = PBXFileReference; explicitFileType = wrapper.framework; path = Result.framework; sourceTree = BUILT_PRODUCTS_DIR; };
		2EDA091F20049AE20066EED3 /* ReactiveCocoa.app */ = {isa = PBXFileReference; explicitFileType = wrapper.application; includeInIndex = 0; path = ReactiveCocoa.app; sourceTree = BUILT_PRODUCTS_DIR; };
		2EDA092220049AE20066EED3 /* AppDelegate.h */ = {isa = PBXFileReference; lastKnownFileType = sourcecode.c.h; path = AppDelegate.h; sourceTree = "<group>"; };
		2EDA092320049AE20066EED3 /* AppDelegate.m */ = {isa = PBXFileReference; lastKnownFileType = sourcecode.c.objc; path = AppDelegate.m; sourceTree = "<group>"; };
		2EDA092520049AE20066EED3 /* ViewController.h */ = {isa = PBXFileReference; lastKnownFileType = sourcecode.c.h; path = ViewController.h; sourceTree = "<group>"; };
		2EDA092620049AE20066EED3 /* ViewController.m */ = {isa = PBXFileReference; lastKnownFileType = sourcecode.c.objc; path = ViewController.m; sourceTree = "<group>"; };
		2EDA092920049AE20066EED3 /* Base */ = {isa = PBXFileReference; lastKnownFileType = file.storyboard; name = Base; path = Base.lproj/Main.storyboard; sourceTree = "<group>"; };
		2EDA092B20049AE20066EED3 /* Assets.xcassets */ = {isa = PBXFileReference; lastKnownFileType = folder.assetcatalog; path = Assets.xcassets; sourceTree = "<group>"; };
		2EDA092E20049AE20066EED3 /* Base */ = {isa = PBXFileReference; lastKnownFileType = file.storyboard; name = Base; path = Base.lproj/LaunchScreen.storyboard; sourceTree = "<group>"; };
		2EDA093020049AE20066EED3 /* Info.plist */ = {isa = PBXFileReference; lastKnownFileType = text.plist.xml; path = Info.plist; sourceTree = "<group>"; };
		2EDA093120049AE20066EED3 /* main.m */ = {isa = PBXFileReference; lastKnownFileType = sourcecode.c.objc; path = main.m; sourceTree = "<group>"; };
		2EDA093720049AE20066EED3 /* ReactiveCocoaTests.xctest */ = {isa = PBXFileReference; explicitFileType = wrapper.cfbundle; includeInIndex = 0; path = ReactiveCocoaTests.xctest; sourceTree = BUILT_PRODUCTS_DIR; };
		2EDA093B20049AE20066EED3 /* ReactiveCocoaTests.m */ = {isa = PBXFileReference; lastKnownFileType = sourcecode.c.objc; path = ReactiveCocoaTests.m; sourceTree = "<group>"; };
		2EDA093D20049AE20066EED3 /* Info.plist */ = {isa = PBXFileReference; lastKnownFileType = text.plist.xml; path = Info.plist; sourceTree = "<group>"; };
		2EDA094220049AE20066EED3 /* ReactiveCocoaUITests.xctest */ = {isa = PBXFileReference; explicitFileType = wrapper.cfbundle; includeInIndex = 0; path = ReactiveCocoaUITests.xctest; sourceTree = BUILT_PRODUCTS_DIR; };
		2EDA094620049AE20066EED3 /* ReactiveCocoaUITests.m */ = {isa = PBXFileReference; lastKnownFileType = sourcecode.c.objc; path = ReactiveCocoaUITests.m; sourceTree = "<group>"; };
		2EDA094820049AE20066EED3 /* Info.plist */ = {isa = PBXFileReference; lastKnownFileType = text.plist.xml; path = Info.plist; sourceTree = "<group>"; };
		2EDA09542004AC320066EED3 /* GlobeHeader.h */ = {isa = PBXFileReference; fileEncoding = 4; lastKnownFileType = sourcecode.c.h; path = GlobeHeader.h; sourceTree = "<group>"; };
		2EFBC9552011951F00DC4B30 /* SecViewController.h */ = {isa = PBXFileReference; lastKnownFileType = sourcecode.c.h; path = SecViewController.h; sourceTree = "<group>"; };
		2EFBC9562011951F00DC4B30 /* SecViewController.m */ = {isa = PBXFileReference; lastKnownFileType = sourcecode.c.objc; path = SecViewController.m; sourceTree = "<group>"; };
		2EFBC9582011C73500DC4B30 /* AdvancedUseOfRAC.h */ = {isa = PBXFileReference; lastKnownFileType = sourcecode.c.h; path = AdvancedUseOfRAC.h; sourceTree = "<group>"; };
		2EFBC9592011C73500DC4B30 /* AdvancedUseOfRAC.m */ = {isa = PBXFileReference; lastKnownFileType = sourcecode.c.objc; path = AdvancedUseOfRAC.m; sourceTree = "<group>"; };
		518AD383E91D7E229D65F509 /* Pods_ReactiveCocoa.framework */ = {isa = PBXFileReference; explicitFileType = wrapper.framework; includeInIndex = 0; path = Pods_ReactiveCocoa.framework; sourceTree = BUILT_PRODUCTS_DIR; };
		5A4D1636F5B7D1D26AC7A916 /* Pods-ReactiveCocoa.debug.xcconfig */ = {isa = PBXFileReference; includeInIndex = 1; lastKnownFileType = text.xcconfig; name = "Pods-ReactiveCocoa.debug.xcconfig"; path = "Pods/Target Support Files/Pods-ReactiveCocoa/Pods-ReactiveCocoa.debug.xcconfig"; sourceTree = "<group>"; };
		F23585AE0BF55F7F6ABC97EA /* Pods-ReactiveCocoa.release.xcconfig */ = {isa = PBXFileReference; includeInIndex = 1; lastKnownFileType = text.xcconfig; name = "Pods-ReactiveCocoa.release.xcconfig"; path = "Pods/Target Support Files/Pods-ReactiveCocoa/Pods-ReactiveCocoa.release.xcconfig"; sourceTree = "<group>"; };
/* End PBXFileReference section */

/* Begin PBXFrameworksBuildPhase section */
		2EDA091C20049AE20066EED3 /* Frameworks */ = {
			isa = PBXFrameworksBuildPhase;
			buildActionMask = 2147483647;
			files = (
				77B4E0D0197D5FE582B09B1E /* Pods_ReactiveCocoa.framework in Frameworks */,
			);
			runOnlyForDeploymentPostprocessing = 0;
		};
		2EDA093420049AE20066EED3 /* Frameworks */ = {
			isa = PBXFrameworksBuildPhase;
			buildActionMask = 2147483647;
			files = (
			);
			runOnlyForDeploymentPostprocessing = 0;
		};
		2EDA093F20049AE20066EED3 /* Frameworks */ = {
			isa = PBXFrameworksBuildPhase;
			buildActionMask = 2147483647;
			files = (
			);
			runOnlyForDeploymentPostprocessing = 0;
		};
/* End PBXFrameworksBuildPhase section */

/* Begin PBXGroup section */
		07A93E9C1F5C8E79E7DB1EF2 /* Pods */ = {
			isa = PBXGroup;
			children = (
				5A4D1636F5B7D1D26AC7A916 /* Pods-ReactiveCocoa.debug.xcconfig */,
				F23585AE0BF55F7F6ABC97EA /* Pods-ReactiveCocoa.release.xcconfig */,
			);
			name = Pods;
			sourceTree = "<group>";
		};
		2EDA091620049AE20066EED3 = {
			isa = PBXGroup;
			children = (
				2EDA092120049AE20066EED3 /* ReactiveCocoa */,
				2EDA093A20049AE20066EED3 /* ReactiveCocoaTests */,
				2EDA094520049AE20066EED3 /* ReactiveCocoaUITests */,
				2EDA092020049AE20066EED3 /* Products */,
				07A93E9C1F5C8E79E7DB1EF2 /* Pods */,
				61A7FAE9812D7FDAC3A0E26F /* Frameworks */,
			);
			sourceTree = "<group>";
		};
		2EDA092020049AE20066EED3 /* Products */ = {
			isa = PBXGroup;
			children = (
				2EDA091F20049AE20066EED3 /* ReactiveCocoa.app */,
				2EDA093720049AE20066EED3 /* ReactiveCocoaTests.xctest */,
				2EDA094220049AE20066EED3 /* ReactiveCocoaUITests.xctest */,
			);
			name = Products;
			sourceTree = "<group>";
		};
		2EDA092120049AE20066EED3 /* ReactiveCocoa */ = {
			isa = PBXGroup;
			children = (
				2EDA092220049AE20066EED3 /* AppDelegate.h */,
				2EDA092320049AE20066EED3 /* AppDelegate.m */,
				2EFBC9582011C73500DC4B30 /* AdvancedUseOfRAC.h */,
				2EFBC9592011C73500DC4B30 /* AdvancedUseOfRAC.m */,
				2EDA092520049AE20066EED3 /* ViewController.h */,
				2EDA092620049AE20066EED3 /* ViewController.m */,
				2EFBC9552011951F00DC4B30 /* SecViewController.h */,
				2EFBC9562011951F00DC4B30 /* SecViewController.m */,
				2E2F224E2007497000DE254F /* RedView.h */,
				2E2F224F2007497000DE254F /* RedView.m */,
				2E2D602820088D68002A3BC7 /* Flag.h */,
				2E2D602920088D68002A3BC7 /* Flag.m */,
				2E2D602B20088D8C002A3BC7 /* flags.plist */,
				2EDA09542004AC320066EED3 /* GlobeHeader.h */,
				2EDA092820049AE20066EED3 /* Main.storyboard */,
				2EDA092B20049AE20066EED3 /* Assets.xcassets */,
				2EDA092D20049AE20066EED3 /* LaunchScreen.storyboard */,
				2EDA093020049AE20066EED3 /* Info.plist */,
				2EDA093120049AE20066EED3 /* main.m */,
			);
			path = ReactiveCocoa;
			sourceTree = "<group>";
		};
		2EDA093A20049AE20066EED3 /* ReactiveCocoaTests */ = {
			isa = PBXGroup;
			children = (
				2EDA093B20049AE20066EED3 /* ReactiveCocoaTests.m */,
				2EDA093D20049AE20066EED3 /* Info.plist */,
			);
			path = ReactiveCocoaTests;
			sourceTree = "<group>";
		};
		2EDA094520049AE20066EED3 /* ReactiveCocoaUITests */ = {
			isa = PBXGroup;
			children = (
				2EDA094620049AE20066EED3 /* ReactiveCocoaUITests.m */,
				2EDA094820049AE20066EED3 /* Info.plist */,
			);
			path = ReactiveCocoaUITests;
			sourceTree = "<group>";
		};
		61A7FAE9812D7FDAC3A0E26F /* Frameworks */ = {
			isa = PBXGroup;
			children = (
				2E533D14200605EA00B09851 /* ReactiveCocoa.framework */,
				2E533D15200605EA00B09851 /* ReactiveSwift.framework */,
				2E533D16200605EA00B09851 /* Result.framework */,
				518AD383E91D7E229D65F509 /* Pods_ReactiveCocoa.framework */,
			);
			name = Frameworks;
			sourceTree = "<group>";
		};
/* End PBXGroup section */

/* Begin PBXNativeTarget section */
		2EDA091E20049AE20066EED3 /* ReactiveCocoa */ = {
			isa = PBXNativeTarget;
			buildConfigurationList = 2EDA094B20049AE20066EED3 /* Build configuration list for PBXNativeTarget "ReactiveCocoa" */;
			buildPhases = (
				60584624B6C0960F38056FFB /* [CP] Check Pods Manifest.lock */,
				2EDA091B20049AE20066EED3 /* Sources */,
				2EDA091C20049AE20066EED3 /* Frameworks */,
				2EDA091D20049AE20066EED3 /* Resources */,
				447C962F5E063AFC5813073A /* [CP] Embed Pods Frameworks */,
				27FB59F6846897932EF7B4CE /* [CP] Copy Pods Resources */,
			);
			buildRules = (
			);
			dependencies = (
			);
			name = ReactiveCocoa;
			productName = ReactiveCocoa;
			productReference = 2EDA091F20049AE20066EED3 /* ReactiveCocoa.app */;
			productType = "com.apple.product-type.application";
		};
		2EDA093620049AE20066EED3 /* ReactiveCocoaTests */ = {
			isa = PBXNativeTarget;
			buildConfigurationList = 2EDA094E20049AE20066EED3 /* Build configuration list for PBXNativeTarget "ReactiveCocoaTests" */;
			buildPhases = (
				2EDA093320049AE20066EED3 /* Sources */,
				2EDA093420049AE20066EED3 /* Frameworks */,
				2EDA093520049AE20066EED3 /* Resources */,
			);
			buildRules = (
			);
			dependencies = (
				2EDA093920049AE20066EED3 /* PBXTargetDependency */,
			);
			name = ReactiveCocoaTests;
			productName = ReactiveCocoaTests;
			productReference = 2EDA093720049AE20066EED3 /* ReactiveCocoaTests.xctest */;
			productType = "com.apple.product-type.bundle.unit-test";
		};
		2EDA094120049AE20066EED3 /* ReactiveCocoaUITests */ = {
			isa = PBXNativeTarget;
			buildConfigurationList = 2EDA095120049AE20066EED3 /* Build configuration list for PBXNativeTarget "ReactiveCocoaUITests" */;
			buildPhases = (
				2EDA093E20049AE20066EED3 /* Sources */,
				2EDA093F20049AE20066EED3 /* Frameworks */,
				2EDA094020049AE20066EED3 /* Resources */,
			);
			buildRules = (
			);
			dependencies = (
				2EDA094420049AE20066EED3 /* PBXTargetDependency */,
			);
			name = ReactiveCocoaUITests;
			productName = ReactiveCocoaUITests;
			productReference = 2EDA094220049AE20066EED3 /* ReactiveCocoaUITests.xctest */;
			productType = "com.apple.product-type.bundle.ui-testing";
		};
/* End PBXNativeTarget section */

/* Begin PBXProject section */
		2EDA091720049AE20066EED3 /* Project object */ = {
			isa = PBXProject;
			attributes = {
				LastUpgradeCheck = 0920;
				ORGANIZATIONNAME = "祁子栋";
				TargetAttributes = {
					2EDA091E20049AE20066EED3 = {
						CreatedOnToolsVersion = 9.2;
						ProvisioningStyle = Automatic;
					};
					2EDA093620049AE20066EED3 = {
						CreatedOnToolsVersion = 9.2;
						ProvisioningStyle = Automatic;
						TestTargetID = 2EDA091E20049AE20066EED3;
					};
					2EDA094120049AE20066EED3 = {
						CreatedOnToolsVersion = 9.2;
						ProvisioningStyle = Automatic;
						TestTargetID = 2EDA091E20049AE20066EED3;
					};
				};
			};
			buildConfigurationList = 2EDA091A20049AE20066EED3 /* Build configuration list for PBXProject "ReactiveCocoa" */;
			compatibilityVersion = "Xcode 8.0";
			developmentRegion = en;
			hasScannedForEncodings = 0;
			knownRegions = (
				en,
				Base,
			);
			mainGroup = 2EDA091620049AE20066EED3;
			productRefGroup = 2EDA092020049AE20066EED3 /* Products */;
			projectDirPath = "";
			projectRoot = "";
			targets = (
				2EDA091E20049AE20066EED3 /* ReactiveCocoa */,
				2EDA093620049AE20066EED3 /* ReactiveCocoaTests */,
				2EDA094120049AE20066EED3 /* ReactiveCocoaUITests */,
			);
		};
/* End PBXProject section */

/* Begin PBXResourcesBuildPhase section */
		2EDA091D20049AE20066EED3 /* Resources */ = {
			isa = PBXResourcesBuildPhase;
			buildActionMask = 2147483647;
			files = (
				2EDA092F20049AE20066EED3 /* LaunchScreen.storyboard in Resources */,
				2EDA092C20049AE20066EED3 /* Assets.xcassets in Resources */,
				2E2D602C20088D8C002A3BC7 /* flags.plist in Resources */,
				2EDA092A20049AE20066EED3 /* Main.storyboard in Resources */,
			);
			runOnlyForDeploymentPostprocessing = 0;
		};
		2EDA093520049AE20066EED3 /* Resources */ = {
			isa = PBXResourcesBuildPhase;
			buildActionMask = 2147483647;
			files = (
			);
			runOnlyForDeploymentPostprocessing = 0;
		};
		2EDA094020049AE20066EED3 /* Resources */ = {
			isa = PBXResourcesBuildPhase;
			buildActionMask = 2147483647;
			files = (
			);
			runOnlyForDeploymentPostprocessing = 0;
		};
/* End PBXResourcesBuildPhase section */

/* Begin PBXShellScriptBuildPhase section */
		27FB59F6846897932EF7B4CE /* [CP] Copy Pods Resources */ = {
			isa = PBXShellScriptBuildPhase;
			buildActionMask = 2147483647;
			files = (
			);
			inputPaths = (
			);
			name = "[CP] Copy Pods Resources";
			outputPaths = (
			);
			runOnlyForDeploymentPostprocessing = 0;
			shellPath = /bin/sh;
			shellScript = "\"${SRCROOT}/Pods/Target Support Files/Pods-ReactiveCocoa/Pods-ReactiveCocoa-resources.sh\"\n";
			showEnvVarsInLog = 0;
		};
		447C962F5E063AFC5813073A /* [CP] Embed Pods Frameworks */ = {
			isa = PBXShellScriptBuildPhase;
			buildActionMask = 2147483647;
			files = (
			);
			inputPaths = (
				"${SRCROOT}/Pods/Target Support Files/Pods-ReactiveCocoa/Pods-ReactiveCocoa-frameworks.sh",
				"${BUILT_PRODUCTS_DIR}/ReactiveCocoa/ReactiveCocoa.framework",
				"${BUILT_PRODUCTS_DIR}/ReactiveObjC/ReactiveObjC.framework",
				"${BUILT_PRODUCTS_DIR}/ReactiveSwift/ReactiveSwift.framework",
				"${BUILT_PRODUCTS_DIR}/Result/Result.framework",
			);
			name = "[CP] Embed Pods Frameworks";
			outputPaths = (
				"${TARGET_BUILD_DIR}/${FRAMEWORKS_FOLDER_PATH}/ReactiveCocoa.framework",
				"${TARGET_BUILD_DIR}/${FRAMEWORKS_FOLDER_PATH}/ReactiveObjC.framework",
				"${TARGET_BUILD_DIR}/${FRAMEWORKS_FOLDER_PATH}/ReactiveSwift.framework",
				"${TARGET_BUILD_DIR}/${FRAMEWORKS_FOLDER_PATH}/Result.framework",
			);
			runOnlyForDeploymentPostprocessing = 0;
			shellPath = /bin/sh;
			shellScript = "\"${SRCROOT}/Pods/Target Support Files/Pods-ReactiveCocoa/Pods-ReactiveCocoa-frameworks.sh\"\n";
			showEnvVarsInLog = 0;
		};
		60584624B6C0960F38056FFB /* [CP] Check Pods Manifest.lock */ = {
			isa = PBXShellScriptBuildPhase;
			buildActionMask = 2147483647;
			files = (
			);
			inputPaths = (
				"${PODS_PODFILE_DIR_PATH}/Podfile.lock",
				"${PODS_ROOT}/Manifest.lock",
			);
			name = "[CP] Check Pods Manifest.lock";
			outputPaths = (
				"$(DERIVED_FILE_DIR)/Pods-ReactiveCocoa-checkManifestLockResult.txt",
			);
			runOnlyForDeploymentPostprocessing = 0;
			shellPath = /bin/sh;
			shellScript = "diff \"${PODS_PODFILE_DIR_PATH}/Podfile.lock\" \"${PODS_ROOT}/Manifest.lock\" > /dev/null\nif [ $? != 0 ] ; then\n    # print error to STDERR\n    echo \"error: The sandbox is not in sync with the Podfile.lock. Run 'pod install' or update your CocoaPods installation.\" >&2\n    exit 1\nfi\n# This output is used by Xcode 'outputs' to avoid re-running this script phase.\necho \"SUCCESS\" > \"${SCRIPT_OUTPUT_FILE_0}\"\n";
			showEnvVarsInLog = 0;
		};
/* End PBXShellScriptBuildPhase section */

/* Begin PBXSourcesBuildPhase section */
		2EDA091B20049AE20066EED3 /* Sources */ = {
			isa = PBXSourcesBuildPhase;
			buildActionMask = 2147483647;
			files = (
				2EFBC9572011951F00DC4B30 /* SecViewController.m in Sources */,
				2E2D602A20088D68002A3BC7 /* Flag.m in Sources */,
				2EDA092720049AE20066EED3 /* ViewController.m in Sources */,
				2EDA093220049AE20066EED3 /* main.m in Sources */,
				2E2F22502007497000DE254F /* RedView.m in Sources */,
				2EFBC95A2011C73500DC4B30 /* AdvancedUseOfRAC.m in Sources */,
				2EDA092420049AE20066EED3 /* AppDelegate.m in Sources */,
			);
			runOnlyForDeploymentPostprocessing = 0;
		};
		2EDA093320049AE20066EED3 /* Sources */ = {
			isa = PBXSourcesBuildPhase;
			buildActionMask = 2147483647;
			files = (
				2EDA093C20049AE20066EED3 /* ReactiveCocoaTests.m in Sources */,
			);
			runOnlyForDeploymentPostprocessing = 0;
		};
		2EDA093E20049AE20066EED3 /* Sources */ = {
			isa = PBXSourcesBuildPhase;
			buildActionMask = 2147483647;
			files = (
				2EDA094720049AE20066EED3 /* ReactiveCocoaUITests.m in Sources */,
			);
			runOnlyForDeploymentPostprocessing = 0;
		};
/* End PBXSourcesBuildPhase section */

/* Begin PBXTargetDependency section */
		2EDA093920049AE20066EED3 /* PBXTargetDependency */ = {
			isa = PBXTargetDependency;
			target = 2EDA091E20049AE20066EED3 /* ReactiveCocoa */;
			targetProxy = 2EDA093820049AE20066EED3 /* PBXContainerItemProxy */;
		};
		2EDA094420049AE20066EED3 /* PBXTargetDependency */ = {
			isa = PBXTargetDependency;
			target = 2EDA091E20049AE20066EED3 /* ReactiveCocoa */;
			targetProxy = 2EDA094320049AE20066EED3 /* PBXContainerItemProxy */;
		};
/* End PBXTargetDependency section */

/* Begin PBXVariantGroup section */
		2EDA092820049AE20066EED3 /* Main.storyboard */ = {
			isa = PBXVariantGroup;
			children = (
				2EDA092920049AE20066EED3 /* Base */,
			);
			name = Main.storyboard;
			sourceTree = "<group>";
		};
		2EDA092D20049AE20066EED3 /* LaunchScreen.storyboard */ = {
			isa = PBXVariantGroup;
			children = (
				2EDA092E20049AE20066EED3 /* Base */,
			);
			name = LaunchScreen.storyboard;
			sourceTree = "<group>";
		};
/* End PBXVariantGroup section */

/* Begin XCBuildConfiguration section */
		2EDA094920049AE20066EED3 /* Debug */ = {
			isa = XCBuildConfiguration;
			buildSettings = {
				ALWAYS_SEARCH_USER_PATHS = NO;
				CLANG_ANALYZER_NONNULL = YES;
				CLANG_ANALYZER_NUMBER_OBJECT_CONVERSION = YES_AGGRESSIVE;
				CLANG_CXX_LANGUAGE_STANDARD = "gnu++14";
				CLANG_CXX_LIBRARY = "libc++";
				CLANG_ENABLE_MODULES = YES;
				CLANG_ENABLE_OBJC_ARC = YES;
				CLANG_WARN_BLOCK_CAPTURE_AUTORELEASING = YES;
				CLANG_WARN_BOOL_CONVERSION = YES;
				CLANG_WARN_COMMA = YES;
				CLANG_WARN_CONSTANT_CONVERSION = YES;
				CLANG_WARN_DIRECT_OBJC_ISA_USAGE = YES_ERROR;
				CLANG_WARN_DOCUMENTATION_COMMENTS = YES;
				CLANG_WARN_EMPTY_BODY = YES;
				CLANG_WARN_ENUM_CONVERSION = YES;
				CLANG_WARN_INFINITE_RECURSION = YES;
				CLANG_WARN_INT_CONVERSION = YES;
				CLANG_WARN_NON_LITERAL_NULL_CONVERSION = YES;
				CLANG_WARN_OBJC_LITERAL_CONVERSION = YES;
				CLANG_WARN_OBJC_ROOT_CLASS = YES_ERROR;
				CLANG_WARN_RANGE_LOOP_ANALYSIS = YES;
				CLANG_WARN_STRICT_PROTOTYPES = YES;
				CLANG_WARN_SUSPICIOUS_MOVE = YES;
				CLANG_WARN_UNGUARDED_AVAILABILITY = YES_AGGRESSIVE;
				CLANG_WARN_UNREACHABLE_CODE = YES;
				CLANG_WARN__DUPLICATE_METHOD_MATCH = YES;
				CODE_SIGN_IDENTITY = "iPhone Developer";
				COPY_PHASE_STRIP = NO;
				DEBUG_INFORMATION_FORMAT = dwarf;
				ENABLE_STRICT_OBJC_MSGSEND = YES;
				ENABLE_TESTABILITY = YES;
				GCC_C_LANGUAGE_STANDARD = gnu11;
				GCC_DYNAMIC_NO_PIC = NO;
				GCC_NO_COMMON_BLOCKS = YES;
				GCC_OPTIMIZATION_LEVEL = 0;
				GCC_PREPROCESSOR_DEFINITIONS = (
					"DEBUG=1",
					"$(inherited)",
				);
				GCC_WARN_64_TO_32_BIT_CONVERSION = YES;
				GCC_WARN_ABOUT_RETURN_TYPE = YES_ERROR;
				GCC_WARN_UNDECLARED_SELECTOR = YES;
				GCC_WARN_UNINITIALIZED_AUTOS = YES_AGGRESSIVE;
				GCC_WARN_UNUSED_FUNCTION = YES;
				GCC_WARN_UNUSED_VARIABLE = YES;
				IPHONEOS_DEPLOYMENT_TARGET = 11.2;
				MTL_ENABLE_DEBUG_INFO = YES;
				ONLY_ACTIVE_ARCH = YES;
				SDKROOT = iphoneos;
			};
			name = Debug;
		};
		2EDA094A20049AE20066EED3 /* Release */ = {
			isa = XCBuildConfiguration;
			buildSettings = {
				ALWAYS_SEARCH_USER_PATHS = NO;
				CLANG_ANALYZER_NONNULL = YES;
				CLANG_ANALYZER_NUMBER_OBJECT_CONVERSION = YES_AGGRESSIVE;
				CLANG_CXX_LANGUAGE_STANDARD = "gnu++14";
				CLANG_CXX_LIBRARY = "libc++";
				CLANG_ENABLE_MODULES = YES;
				CLANG_ENABLE_OBJC_ARC = YES;
				CLANG_WARN_BLOCK_CAPTURE_AUTORELEASING = YES;
				CLANG_WARN_BOOL_CONVERSION = YES;
				CLANG_WARN_COMMA = YES;
				CLANG_WARN_CONSTANT_CONVERSION = YES;
				CLANG_WARN_DIRECT_OBJC_ISA_USAGE = YES_ERROR;
				CLANG_WARN_DOCUMENTATION_COMMENTS = YES;
				CLANG_WARN_EMPTY_BODY = YES;
				CLANG_WARN_ENUM_CONVERSION = YES;
				CLANG_WARN_INFINITE_RECURSION = YES;
				CLANG_WARN_INT_CONVERSION = YES;
				CLANG_WARN_NON_LITERAL_NULL_CONVERSION = YES;
				CLANG_WARN_OBJC_LITERAL_CONVERSION = YES;
				CLANG_WARN_OBJC_ROOT_CLASS = YES_ERROR;
				CLANG_WARN_RANGE_LOOP_ANALYSIS = YES;
				CLANG_WARN_STRICT_PROTOTYPES = YES;
				CLANG_WARN_SUSPICIOUS_MOVE = YES;
				CLANG_WARN_UNGUARDED_AVAILABILITY = YES_AGGRESSIVE;
				CLANG_WARN_UNREACHABLE_CODE = YES;
				CLANG_WARN__DUPLICATE_METHOD_MATCH = YES;
				CODE_SIGN_IDENTITY = "iPhone Developer";
				COPY_PHASE_STRIP = NO;
				DEBUG_INFORMATION_FORMAT = "dwarf-with-dsym";
				ENABLE_NS_ASSERTIONS = NO;
				ENABLE_STRICT_OBJC_MSGSEND = YES;
				GCC_C_LANGUAGE_STANDARD = gnu11;
				GCC_NO_COMMON_BLOCKS = YES;
				GCC_WARN_64_TO_32_BIT_CONVERSION = YES;
				GCC_WARN_ABOUT_RETURN_TYPE = YES_ERROR;
				GCC_WARN_UNDECLARED_SELECTOR = YES;
				GCC_WARN_UNINITIALIZED_AUTOS = YES_AGGRESSIVE;
				GCC_WARN_UNUSED_FUNCTION = YES;
				GCC_WARN_UNUSED_VARIABLE = YES;
				IPHONEOS_DEPLOYMENT_TARGET = 11.2;
				MTL_ENABLE_DEBUG_INFO = NO;
				SDKROOT = iphoneos;
				VALIDATE_PRODUCT = YES;
			};
			name = Release;
		};
		2EDA094C20049AE20066EED3 /* Debug */ = {
			isa = XCBuildConfiguration;
			baseConfigurationReference = 5A4D1636F5B7D1D26AC7A916 /* Pods-ReactiveCocoa.debug.xcconfig */;
			buildSettings = {
				ASSETCATALOG_COMPILER_APPICON_NAME = AppIcon;
				CODE_SIGN_STYLE = Automatic;
				DEVELOPMENT_TEAM = B7QX9LL49R;
				INFOPLIST_FILE = ReactiveCocoa/Info.plist;
				IPHONEOS_DEPLOYMENT_TARGET = 10.0;
				LD_RUNPATH_SEARCH_PATHS = "$(inherited) @executable_path/Frameworks";
				PRODUCT_BUNDLE_IDENTIFIER = com.zidong.ReactiveCocoa;
				PRODUCT_NAME = "$(TARGET_NAME)";
				TARGETED_DEVICE_FAMILY = "1,2";
			};
			name = Debug;
		};
		2EDA094D20049AE20066EED3 /* Release */ = {
			isa = XCBuildConfiguration;
			baseConfigurationReference = F23585AE0BF55F7F6ABC97EA /* Pods-ReactiveCocoa.release.xcconfig */;
			buildSettings = {
				ASSETCATALOG_COMPILER_APPICON_NAME = AppIcon;
				CODE_SIGN_STYLE = Automatic;
				DEVELOPMENT_TEAM = B7QX9LL49R;
				INFOPLIST_FILE = ReactiveCocoa/Info.plist;
				IPHONEOS_DEPLOYMENT_TARGET = 10.0;
				LD_RUNPATH_SEARCH_PATHS = "$(inherited) @executable_path/Frameworks";
				PRODUCT_BUNDLE_IDENTIFIER = com.zidong.ReactiveCocoa;
				PRODUCT_NAME = "$(TARGET_NAME)";
				TARGETED_DEVICE_FAMILY = "1,2";
			};
			name = Release;
		};
		2EDA094F20049AE20066EED3 /* Debug */ = {
			isa = XCBuildConfiguration;
			buildSettings = {
				BUNDLE_LOADER = "$(TEST_HOST)";
				CODE_SIGN_STYLE = Automatic;
				DEVELOPMENT_TEAM = B7QX9LL49R;
				INFOPLIST_FILE = ReactiveCocoaTests/Info.plist;
				LD_RUNPATH_SEARCH_PATHS = "$(inherited) @executable_path/Frameworks @loader_path/Frameworks";
				PRODUCT_BUNDLE_IDENTIFIER = com.zidong.ReactiveCocoaTests;
				PRODUCT_NAME = "$(TARGET_NAME)";
				TARGETED_DEVICE_FAMILY = "1,2";
				TEST_HOST = "$(BUILT_PRODUCTS_DIR)/ReactiveCocoa.app/ReactiveCocoa";
			};
			name = Debug;
		};
		2EDA095020049AE20066EED3 /* Release */ = {
			isa = XCBuildConfiguration;
			buildSettings = {
				BUNDLE_LOADER = "$(TEST_HOST)";
				CODE_SIGN_STYLE = Automatic;
				DEVELOPMENT_TEAM = B7QX9LL49R;
				INFOPLIST_FILE = ReactiveCocoaTests/Info.plist;
				LD_RUNPATH_SEARCH_PATHS = "$(inherited) @executable_path/Frameworks @loader_path/Frameworks";
				PRODUCT_BUNDLE_IDENTIFIER = com.zidong.ReactiveCocoaTests;
				PRODUCT_NAME = "$(TARGET_NAME)";
				TARGETED_DEVICE_FAMILY = "1,2";
				TEST_HOST = "$(BUILT_PRODUCTS_DIR)/ReactiveCocoa.app/ReactiveCocoa";
			};
			name = Release;
		};
		2EDA095220049AE20066EED3 /* Debug */ = {
			isa = XCBuildConfiguration;
			buildSettings = {
				CODE_SIGN_STYLE = Automatic;
				DEVELOPMENT_TEAM = B7QX9LL49R;
				INFOPLIST_FILE = ReactiveCocoaUITests/Info.plist;
				LD_RUNPATH_SEARCH_PATHS = "$(inherited) @executable_path/Frameworks @loader_path/Frameworks";
				PRODUCT_BUNDLE_IDENTIFIER = com.zidong.ReactiveCocoaUITests;
				PRODUCT_NAME = "$(TARGET_NAME)";
				TARGETED_DEVICE_FAMILY = "1,2";
				TEST_TARGET_NAME = ReactiveCocoa;
			};
			name = Debug;
		};
		2EDA095320049AE20066EED3 /* Release */ = {
			isa = XCBuildConfiguration;
			buildSettings = {
				CODE_SIGN_STYLE = Automatic;
				DEVELOPMENT_TEAM = B7QX9LL49R;
				INFOPLIST_FILE = ReactiveCocoaUITests/Info.plist;
				LD_RUNPATH_SEARCH_PATHS = "$(inherited) @executable_path/Frameworks @loader_path/Frameworks";
				PRODUCT_BUNDLE_IDENTIFIER = com.zidong.ReactiveCocoaUITests;
				PRODUCT_NAME = "$(TARGET_NAME)";
				TARGETED_DEVICE_FAMILY = "1,2";
				TEST_TARGET_NAME = ReactiveCocoa;
			};
			name = Release;
		};
/* End XCBuildConfiguration section */

/* Begin XCConfigurationList section */
		2EDA091A20049AE20066EED3 /* Build configuration list for PBXProject "ReactiveCocoa" */ = {
			isa = XCConfigurationList;
			buildConfigurations = (
				2EDA094920049AE20066EED3 /* Debug */,
				2EDA094A20049AE20066EED3 /* Release */,
			);
			defaultConfigurationIsVisible = 0;
			defaultConfigurationName = Release;
		};
		2EDA094B20049AE20066EED3 /* Build configuration list for PBXNativeTarget "ReactiveCocoa" */ = {
			isa = XCConfigurationList;
			buildConfigurations = (
				2EDA094C20049AE20066EED3 /* Debug */,
				2EDA094D20049AE20066EED3 /* Release */,
			);
			defaultConfigurationIsVisible = 0;
			defaultConfigurationName = Release;
		};
		2EDA094E20049AE20066EED3 /* Build configuration list for PBXNativeTarget "ReactiveCocoaTests" */ = {
			isa = XCConfigurationList;
			buildConfigurations = (
				2EDA094F20049AE20066EED3 /* Debug */,
				2EDA095020049AE20066EED3 /* Release */,
			);
			defaultConfigurationIsVisible = 0;
			defaultConfigurationName = Release;
		};
		2EDA095120049AE20066EED3 /* Build configuration list for PBXNativeTarget "ReactiveCocoaUITests" */ = {
			isa = XCConfigurationList;
			buildConfigurations = (
				2EDA095220049AE20066EED3 /* Debug */,
				2EDA095320049AE20066EED3 /* Release */,
			);
			defaultConfigurationIsVisible = 0;
			defaultConfigurationName = Release;
		};
/* End XCConfigurationList section */
	};
	rootObject = 2EDA091720049AE20066EED3 /* Project object */;
}
